
Microsoft Visual Studio Solution File, Format Version 12.00
# Visual Studio Version 17
VisualStudioVersion = 17.13.35806.99 d17.13
MinimumVisualStudioVersion = 10.0.40219.1
Project("{FAE04EC0-301F-11D3-BF4B-00C04F79EFBC}") = "Lab6", "Lab6\Lab6.csproj", "{B9F5024E-7517-430F-8781-4BAA55DFE2AF}"
EndProject
Global
	GlobalSection(SolutionConfigurationPlatforms) = preSolution
		Debug|Any CPU = Debug|Any CPU
		Release|Any CPU = Release|Any CPU
	EndGlobalSection
	GlobalSection(ProjectConfigurationPlatforms) = postSolution
		{B9F5024E-7517-430F-8781-4BAA55DFE2AF}.Debug|Any CPU.ActiveCfg = Debug|Any CPU
		{B9F5024E-7517-430F-8781-4BAA55DFE2AF}.Debug|Any CPU.Build.0 = Debug|Any CPU
		{B9F5024E-7517-430F-8781-4BAA55DFE2AF}.Release|Any CPU.ActiveCfg = Release|Any CPU
		{B9F5024E-7517-430F-8781-4BAA55DFE2AF}.Release|Any CPU.Build.0 = Release|Any CPU
	EndGlobalSection
	GlobalSection(SolutionProperties) = preSolution
		HideSolutionNode = FALSE
	EndGlobalSection
	GlobalSection(ExtensibilityGlobals) = postSolution
		SolutionGuid = {0B32614C-3A5B-4BB4-A545-1397E12DA2B8}
	EndGlobalSection
EndGlobal
